
Microsoft Visual Studio Solution File, Format Version 10.00
# Visual C# Express 2008
Project("{FAE04EC0-301F-11D3-BF4B-00C04F79EFBC}") = "pol", "pol\pol.csproj", "{A737A664-55BC-4EA4-9038-55389927C3C8}"
EndProject
Project("{FAE04EC0-301F-11D3-BF4B-00C04F79EFBC}") = "FFXiMain", "FFXiMain\FFXiMain.csproj", "{09FD09A9-71BC-41D5-9FC2-8FAB3B4D7C32}"
EndProject
Global
	GlobalSection(SolutionConfigurationPlatforms) = preSolution
		Debug|Any CPU = Debug|Any CPU
		Release|Any CPU = Release|Any CPU
	EndGlobalSection
	GlobalSection(ProjectConfigurationPlatforms) = postSolution
		{A737A664-55BC-4EA4-9038-55389927C3C8}.Debug|Any CPU.ActiveCfg = Debug|Any CPU
		{A737A664-55BC-4EA4-9038-55389927C3C8}.Debug|Any CPU.Build.0 = Debug|Any CPU
		{A737A664-55BC-4EA4-9038-55389927C3C8}.Release|Any CPU.ActiveCfg = Release|Any CPU
		{A737A664-55BC-4EA4-9038-55389927C3C8}.Release|Any CPU.Build.0 = Release|Any CPU
		{09FD09A9-71BC-41D5-9FC2-8FAB3B4D7C32}.Debug|Any CPU.ActiveCfg = Debug|Any CPU
		{09FD09A9-71BC-41D5-9FC2-8FAB3B4D7C32}.Debug|Any CPU.Build.0 = Debug|Any CPU
		{09FD09A9-71BC-41D5-9FC2-8FAB3B4D7C32}.Release|Any CPU.ActiveCfg = Release|Any CPU
		{09FD09A9-71BC-41D5-9FC2-8FAB3B4D7C32}.Release|Any CPU.Build.0 = Release|Any CPU
	EndGlobalSection
	GlobalSection(SolutionProperties) = preSolution
		HideSolutionNode = FALSE
	EndGlobalSection
EndGlobal
